// !$*UTF8*$!
{
	archiveVersion = 1;
	classes = {
	};
	objectVersion = 60;
	objects = {

/* Begin PBXBuildFile section */
		42BD70372C42AF4D0082E5DC /* Text_Transition_with_Text_Renderer_in_SwiftUIApp.swift in Sources */ = {isa = PBXBuildFile; fileRef = 42BD70362C42AF4D0082E5DC /* Text_Transition_with_Text_Renderer_in_SwiftUIApp.swift */; };
		42BD70392C42AF4D0082E5DC /* ContentView.swift in Sources */ = {isa = PBXBuildFile; fileRef = 42BD70382C42AF4D0082E5DC /* ContentView.swift */; };
		42BD703B2C42AF4E0082E5DC /* Assets.xcassets in Resources */ = {isa = PBXBuildFile; fileRef = 42BD703A2C42AF4E0082E5DC /* Assets.xcassets */; };
		42BD703E2C42AF4E0082E5DC /* Preview Assets.xcassets in Resources */ = {isa = PBXBuildFile; fileRef = 42BD703D2C42AF4E0082E5DC /* Preview Assets.xcassets */; };
		42BD70452C42AFAA0082E5DC /* EmphasisAttribute.swift in Sources */ = {isa = PBXBuildFile; fileRef = 42BD70442C42AFAA0082E5DC /* EmphasisAttribute.swift */; };
		42BD70472C42AFD70082E5DC /* TextTransition.swift in Sources */ = {isa = PBXBuildFile; fileRef = 42BD70462C42AFD60082E5DC /* TextTransition.swift */; };
/* End PBXBuildFile section */

/* Begin PBXFileReference section */
		42BD70332C42AF4D0082E5DC /* Text Transition with Text Renderer in SwiftUI.app */ = {isa = PBXFileReference; explicitFileType = wrapper.application; includeInIndex = 0; path = "Text Transition with Text Renderer in SwiftUI.app"; sourceTree = BUILT_PRODUCTS_DIR; };
		42BD70362C42AF4D0082E5DC /* Text_Transition_with_Text_Renderer_in_SwiftUIApp.swift */ = {isa = PBXFileReference; lastKnownFileType = sourcecode.swift; path = Text_Transition_with_Text_Renderer_in_SwiftUIApp.swift; sourceTree = "<group>"; };
		42BD70382C42AF4D0082E5DC /* ContentView.swift */ = {isa = PBXFileReference; lastKnownFileType = sourcecode.swift; path = ContentView.swift; sourceTree = "<group>"; };
		42BD703A2C42AF4E0082E5DC /* Assets.xcassets */ = {isa = PBXFileReference; lastKnownFileType = folder.assetcatalog; path = Assets.xcassets; sourceTree = "<group>"; };
		42BD703D2C42AF4E0082E5DC /* Preview Assets.xcassets */ = {isa = PBXFileReference; lastKnownFileType = folder.assetcatalog; path = "Preview Assets.xcassets"; sourceTree = "<group>"; };
		42BD70442C42AFAA0082E5DC /* EmphasisAttribute.swift */ = {isa = PBXFileReference; lastKnownFileType = sourcecode.swift; path = EmphasisAttribute.swift; sourceTree = "<group>"; };
		42BD70462C42AFD60082E5DC /* TextTransition.swift */ = {isa = PBXFileReference; lastKnownFileType = sourcecode.swift; path = TextTransition.swift; sourceTree = "<group>"; };
/* End PBXFileReference section */

/* Begin PBXFrameworksBuildPhase section */
		42BD70302C42AF4D0082E5DC /* Frameworks */ = {
			isa = PBXFrameworksBuildPhase;
			buildActionMask = 2147483647;
			files = (
			);
			runOnlyForDeploymentPostprocessing = 0;
		};
/* End PBXFrameworksBuildPhase section */

/* Begin PBXGroup section */
		42BD702A2C42AF4D0082E5DC = {
			isa = PBXGroup;
			children = (
				42BD70352C42AF4D0082E5DC /* Text Transition with Text Renderer in SwiftUI */,
				42BD70342C42AF4D0082E5DC /* Products */,
			);
			sourceTree = "<group>";
		};
		42BD70342C42AF4D0082E5DC /* Products */ = {
			isa = PBXGroup;
			children = (
				42BD70332C42AF4D0082E5DC /* Text Transition with Text Renderer in SwiftUI.app */,
			);
			name = Products;
			sourceTree = "<group>";
		};
		42BD70352C42AF4D0082E5DC /* Text Transition with Text Renderer in SwiftUI */ = {
			isa = PBXGroup;
			children = (
				42BD70362C42AF4D0082E5DC /* Text_Transition_with_Text_Renderer_in_SwiftUIApp.swift */,
				42BD70382C42AF4D0082E5DC /* ContentView.swift */,
				42BD70442C42AFAA0082E5DC /* EmphasisAttribute.swift */,
				42BD703A2C42AF4E0082E5DC /* Assets.xcassets */,
				42BD703C2C42AF4E0082E5DC /* Preview Content */,
				42BD70462C42AFD60082E5DC /* TextTransition.swift */,
			);
			path = "Text Transition with Text Renderer in SwiftUI";
			sourceTree = "<group>";
		};
		42BD703C2C42AF4E0082E5DC /* Preview Content */ = {
			isa = PBXGroup;
			children = (
				42BD703D2C42AF4E0082E5DC /* Preview Assets.xcassets */,
			);
			path = "Preview Content";
			sourceTree = "<group>";
		};
/* End PBXGroup section */

/* Begin PBXNativeTarget section */
		42BD70322C42AF4D0082E5DC /* Text Transition with Text Renderer in SwiftUI */ = {
			isa = PBXNativeTarget;
			buildConfigurationList = 42BD70412C42AF4E0082E5DC /* Build configuration list for PBXNativeTarget "Text Transition with Text Renderer in SwiftUI" */;
			buildPhases = (
				42BD702F2C42AF4D0082E5DC /* Sources */,
				42BD70302C42AF4D0082E5DC /* Frameworks */,
				42BD70312C42AF4D0082E5DC /* Resources */,
			);
			buildRules = (
			);
			dependencies = (
			);
			name = "Text Transition with Text Renderer in SwiftUI";
			productName = "Text Transition with Text Renderer in SwiftUI";
			productReference = 42BD70332C42AF4D0082E5DC /* Text Transition with Text Renderer in SwiftUI.app */;
			productType = "com.apple.product-type.application";
		};
/* End PBXNativeTarget section */

/* Begin PBXProject section */
		42BD702B2C42AF4D0082E5DC /* Project object */ = {
			isa = PBXProject;
			attributes = {
				BuildIndependentTargetsInParallel = 1;
				LastSwiftUpdateCheck = 1600;
				LastUpgradeCheck = 1600;
				TargetAttributes = {
					42BD70322C42AF4D0082E5DC = {
						CreatedOnToolsVersion = 16.0;
					};
				};
			};
			buildConfigurationList = 42BD702E2C42AF4D0082E5DC /* Build configuration list for PBXProject "Text Transition with Text Renderer in SwiftUI" */;
			compatibilityVersion = "Xcode 15.0";
			developmentRegion = en;
			hasScannedForEncodings = 0;
			knownRegions = (
				en,
				Base,
			);
			mainGroup = 42BD702A2C42AF4D0082E5DC;
			productRefGroup = 42BD70342C42AF4D0082E5DC /* Products */;
			projectDirPath = "";
			projectRoot = "";
			targets = (
				42BD70322C42AF4D0082E5DC /* Text Transition with Text Renderer in SwiftUI */,
			);
		};
/* End PBXProject section */

/* Begin PBXResourcesBuildPhase section */
		42BD70312C42AF4D0082E5DC /* Resources */ = {
			isa = PBXResourcesBuildPhase;
			buildActionMask = 2147483647;
			files = (
				42BD703E2C42AF4E0082E5DC /* Preview Assets.xcassets in Resources */,
				42BD703B2C42AF4E0082E5DC /* Assets.xcassets in Resources */,
			);
			runOnlyForDeploymentPostprocessing = 0;
		};
/* End PBXResourcesBuildPhase section */

/* Begin PBXSourcesBuildPhase section */
		42BD702F2C42AF4D0082E5DC /* Sources */ = {
			isa = PBXSourcesBuildPhase;
			buildActionMask = 2147483647;
			files = (
				42BD70392C42AF4D0082E5DC /* ContentView.swift in Sources */,
				42BD70372C42AF4D0082E5DC /* Text_Transition_with_Text_Renderer_in_SwiftUIApp.swift in Sources */,
				42BD70452C42AFAA0082E5DC /* EmphasisAttribute.swift in Sources */,
				42BD70472C42AFD70082E5DC /* TextTransition.swift in Sources */,
			);
			runOnlyForDeploymentPostprocessing = 0;
		};
/* End PBXSourcesBuildPhase section */

/* Begin XCBuildConfiguration section */
		42BD703F2C42AF4E0082E5DC /* Debug */ = {
			isa = XCBuildConfiguration;
			buildSettings = {
				ALWAYS_SEARCH_USER_PATHS = NO;
				ASSETCATALOG_COMPILER_GENERATE_SWIFT_ASSET_SYMBOL_EXTENSIONS = YES;
				CLANG_ANALYZER_NONNULL = YES;
				CLANG_ANALYZER_NUMBER_OBJECT_CONVERSION = YES_AGGRESSIVE;
				CLANG_CXX_LANGUAGE_STANDARD = "gnu++20";
				CLANG_ENABLE_MODULES = YES;
				CLANG_ENABLE_OBJC_ARC = YES;
				CLANG_ENABLE_OBJC_WEAK = YES;
				CLANG_WARN_BLOCK_CAPTURE_AUTORELEASING = YES;
				CLANG_WARN_BOOL_CONVERSION = YES;
				CLANG_WARN_COMMA = YES;
				CLANG_WARN_CONSTANT_CONVERSION = YES;
				CLANG_WARN_DEPRECATED_OBJC_IMPLEMENTATIONS = YES;
				CLANG_WARN_DIRECT_OBJC_ISA_USAGE = YES_ERROR;
				CLANG_WARN_DOCUMENTATION_COMMENTS = YES;
				CLANG_WARN_EMPTY_BODY = YES;
				CLANG_WARN_ENUM_CONVERSION = YES;
				CLANG_WARN_INFINITE_RECURSION = YES;
				CLANG_WARN_INT_CONVERSION = YES;
				CLANG_WARN_NON_LITERAL_NULL_CONVERSION = YES;
				CLANG_WARN_OBJC_IMPLICIT_RETAIN_SELF = YES;
				CLANG_WARN_OBJC_LITERAL_CONVERSION = YES;
				CLANG_WARN_OBJC_ROOT_CLASS = YES_ERROR;
				CLANG_WARN_QUOTED_INCLUDE_IN_FRAMEWORK_HEADER = YES;
				CLANG_WARN_RANGE_LOOP_ANALYSIS = YES;
				CLANG_WARN_STRICT_PROTOTYPES = YES;
				CLANG_WARN_SUSPICIOUS_MOVE = YES;
				CLANG_WARN_UNGUARDED_AVAILABILITY = YES_AGGRESSIVE;
				CLANG_WARN_UNREACHABLE_CODE = YES;
				CLANG_WARN__DUPLICATE_METHOD_MATCH = YES;
				COPY_PHASE_STRIP = NO;
				DEBUG_INFORMATION_FORMAT = dwarf;
				ENABLE_STRICT_OBJC_MSGSEND = YES;
				ENABLE_TESTABILITY = YES;
				ENABLE_USER_SCRIPT_SANDBOXING = YES;
				GCC_C_LANGUAGE_STANDARD = gnu17;
				GCC_DYNAMIC_NO_PIC = NO;
				GCC_NO_COMMON_BLOCKS = YES;
				GCC_OPTIMIZATION_LEVEL = 0;
				GCC_PREPROCESSOR_DEFINITIONS = (
					"DEBUG=1",
					"$(inherited)",
				);
				GCC_WARN_64_TO_32_BIT_CONVERSION = YES;
				GCC_WARN_ABOUT_RETURN_TYPE = YES_ERROR;
				GCC_WARN_UNDECLARED_SELECTOR = YES;
				GCC_WARN_UNINITIALIZED_AUTOS = YES_AGGRESSIVE;
				GCC_WARN_UNUSED_FUNCTION = YES;
				GCC_WARN_UNUSED_VARIABLE = YES;
				IPHONEOS_DEPLOYMENT_TARGET = 18.0;
				LOCALIZATION_PREFERS_STRING_CATALOGS = YES;
				MTL_ENABLE_DEBUG_INFO = INCLUDE_SOURCE;
				MTL_FAST_MATH = YES;
				ONLY_ACTIVE_ARCH = YES;
				SDKROOT = iphoneos;
				SWIFT_ACTIVE_COMPILATION_CONDITIONS = "DEBUG $(inherited)";
				SWIFT_OPTIMIZATION_LEVEL = "-Onone";
			};
			name = Debug;
		};
		42BD70402C42AF4E0082E5DC /* Release */ = {
			isa = XCBuildConfiguration;
			buildSettings = {
				ALWAYS_SEARCH_USER_PATHS = NO;
				ASSETCATALOG_COMPILER_GENERATE_SWIFT_ASSET_SYMBOL_EXTENSIONS = YES;
				CLANG_ANALYZER_NONNULL = YES;
				CLANG_ANALYZER_NUMBER_OBJECT_CONVERSION = YES_AGGRESSIVE;
				CLANG_CXX_LANGUAGE_STANDARD = "gnu++20";
				CLANG_ENABLE_MODULES = YES;
				CLANG_ENABLE_OBJC_ARC = YES;
				CLANG_ENABLE_OBJC_WEAK = YES;
				CLANG_WARN_BLOCK_CAPTURE_AUTORELEASING = YES;
				CLANG_WARN_BOOL_CONVERSION = YES;
				CLANG_WARN_COMMA = YES;
				CLANG_WARN_CONSTANT_CONVERSION = YES;
				CLANG_WARN_DEPRECATED_OBJC_IMPLEMENTATIONS = YES;
				CLANG_WARN_DIRECT_OBJC_ISA_USAGE = YES_ERROR;
				CLANG_WARN_DOCUMENTATION_COMMENTS = YES;
				CLANG_WARN_EMPTY_BODY = YES;
				CLANG_WARN_ENUM_CONVERSION = YES;
				CLANG_WARN_INFINITE_RECURSION = YES;
				CLANG_WARN_INT_CONVERSION = YES;
				CLANG_WARN_NON_LITERAL_NULL_CONVERSION = YES;
				CLANG_WARN_OBJC_IMPLICIT_RETAIN_SELF = YES;
				CLANG_WARN_OBJC_LITERAL_CONVERSION = YES;
				CLANG_WARN_OBJC_ROOT_CLASS = YES_ERROR;
				CLANG_WARN_QUOTED_INCLUDE_IN_FRAMEWORK_HEADER = YES;
				CLANG_WARN_RANGE_LOOP_ANALYSIS = YES;
				CLANG_WARN_STRICT_PROTOTYPES = YES;
				CLANG_WARN_SUSPICIOUS_MOVE = YES;
				CLANG_WARN_UNGUARDED_AVAILABILITY = YES_AGGRESSIVE;
				CLANG_WARN_UNREACHABLE_CODE = YES;
				CLANG_WARN__DUPLICATE_METHOD_MATCH = YES;
				COPY_PHASE_STRIP = NO;
				DEBUG_INFORMATION_FORMAT = "dwarf-with-dsym";
				ENABLE_NS_ASSERTIONS = NO;
				ENABLE_STRICT_OBJC_MSGSEND = YES;
				ENABLE_USER_SCRIPT_SANDBOXING = YES;
				GCC_C_LANGUAGE_STANDARD = gnu17;
				GCC_NO_COMMON_BLOCKS = YES;
				GCC_WARN_64_TO_32_BIT_CONVERSION = YES;
				GCC_WARN_ABOUT_RETURN_TYPE = YES_ERROR;
				GCC_WARN_UNDECLARED_SELECTOR = YES;
				GCC_WARN_UNINITIALIZED_AUTOS = YES_AGGRESSIVE;
				GCC_WARN_UNUSED_FUNCTION = YES;
				GCC_WARN_UNUSED_VARIABLE = YES;
				IPHONEOS_DEPLOYMENT_TARGET = 18.0;
				LOCALIZATION_PREFERS_STRING_CATALOGS = YES;
				MTL_ENABLE_DEBUG_INFO = NO;
				MTL_FAST_MATH = YES;
				SDKROOT = iphoneos;
				SWIFT_COMPILATION_MODE = wholemodule;
				VALIDATE_PRODUCT = YES;
			};
			name = Release;
		};
		42BD70422C42AF4E0082E5DC /* Debug */ = {
			isa = XCBuildConfiguration;
			buildSettings = {
				ASSETCATALOG_COMPILER_APPICON_NAME = AppIcon;
				ASSETCATALOG_COMPILER_GLOBAL_ACCENT_COLOR_NAME = AccentColor;
				CODE_SIGN_STYLE = Automatic;
				CURRENT_PROJECT_VERSION = 1;
				DEVELOPMENT_ASSET_PATHS = "\"Text Transition with Text Renderer in SwiftUI/Preview Content\"";
				DEVELOPMENT_TEAM = Y2Y34S7QM3;
				ENABLE_PREVIEWS = YES;
				GENERATE_INFOPLIST_FILE = YES;
				INFOPLIST_KEY_UIApplicationSceneManifest_Generation = YES;
				INFOPLIST_KEY_UIApplicationSupportsIndirectInputEvents = YES;
				INFOPLIST_KEY_UILaunchScreen_Generation = YES;
				INFOPLIST_KEY_UISupportedInterfaceOrientations_iPad = "UIInterfaceOrientationPortrait UIInterfaceOrientationPortraitUpsideDown UIInterfaceOrientationLandscapeLeft UIInterfaceOrientationLandscapeRight";
				INFOPLIST_KEY_UISupportedInterfaceOrientations_iPhone = "UIInterfaceOrientationPortrait UIInterfaceOrientationLandscapeLeft UIInterfaceOrientationLandscapeRight";
				LD_RUNPATH_SEARCH_PATHS = (
					"$(inherited)",
					"@executable_path/Frameworks",
				);
				MARKETING_VERSION = 1.0;
				PRODUCT_BUNDLE_IDENTIFIER = "com.mrgsdev.Text-Transition-with-Text-Renderer-in-SwiftUI";
				PRODUCT_NAME = "$(TARGET_NAME)";
				SWIFT_EMIT_LOC_STRINGS = YES;
				SWIFT_VERSION = 5.0;
				TARGETED_DEVICE_FAMILY = "1,2";
			};
			name = Debug;
		};
		42BD70432C42AF4E0082E5DC /* Release */ = {
			isa = XCBuildConfiguration;
			buildSettings = {
				ASSETCATALOG_COMPILER_APPICON_NAME = AppIcon;
				ASSETCATALOG_COMPILER_GLOBAL_ACCENT_COLOR_NAME = AccentColor;
				CODE_SIGN_STYLE = Automatic;
				CURRENT_PROJECT_VERSION = 1;
				DEVELOPMENT_ASSET_PATHS = "\"Text Transition with Text Renderer in SwiftUI/Preview Content\"";
				DEVELOPMENT_TEAM = Y2Y34S7QM3;
				ENABLE_PREVIEWS = YES;
				GENERATE_INFOPLIST_FILE = YES;
				INFOPLIST_KEY_UIApplicationSceneManifest_Generation = YES;
				INFOPLIST_KEY_UIApplicationSupportsIndirectInputEvents = YES;
				INFOPLIST_KEY_UILaunchScreen_Generation = YES;
				INFOPLIST_KEY_UISupportedInterfaceOrientations_iPad = "UIInterfaceOrientationPortrait UIInterfaceOrientationPortraitUpsideDown UIInterfaceOrientationLandscapeLeft UIInterfaceOrientationLandscapeRight";
				INFOPLIST_KEY_UISupportedInterfaceOrientations_iPhone = "UIInterfaceOrientationPortrait UIInterfaceOrientationLandscapeLeft UIInterfaceOrientationLandscapeRight";
				LD_RUNPATH_SEARCH_PATHS = (
					"$(inherited)",
					"@executable_path/Frameworks",
				);
				MARKETING_VERSION = 1.0;
				PRODUCT_BUNDLE_IDENTIFIER = "com.mrgsdev.Text-Transition-with-Text-Renderer-in-SwiftUI";
				PRODUCT_NAME = "$(TARGET_NAME)";
				SWIFT_EMIT_LOC_STRINGS = YES;
				SWIFT_VERSION = 5.0;
				TARGETED_DEVICE_FAMILY = "1,2";
			};
			name = Release;
		};
/* End XCBuildConfiguration section */

/* Begin XCConfigurationList section */
		42BD702E2C42AF4D0082E5DC /* Build configuration list for PBXProject "Text Transition with Text Renderer in SwiftUI" */ = {
			isa = XCConfigurationList;
			buildConfigurations = (
				42BD703F2C42AF4E0082E5DC /* Debug */,
				42BD70402C42AF4E0082E5DC /* Release */,
			);
			defaultConfigurationIsVisible = 0;
			defaultConfigurationName = Release;
		};
		42BD70412C42AF4E0082E5DC /* Build configuration list for PBXNativeTarget "Text Transition with Text Renderer in SwiftUI" */ = {
			isa = XCConfigurationList;
			buildConfigurations = (
				42BD70422C42AF4E0082E5DC /* Debug */,
				42BD70432C42AF4E0082E5DC /* Release */,
			);
			defaultConfigurationIsVisible = 0;
			defaultConfigurationName = Release;
		};
/* End XCConfigurationList section */
	};
	rootObject = 42BD702B2C42AF4D0082E5DC /* Project object */;
}
