// !$*UTF8*$!
{
	archiveVersion = 1;
	classes = {
	};
	objectVersion = 56;
	objects = {

/* Begin PBXBuildFile section */
		4253AF3C2BBC106D000AF336 /* CourseTableViewCell.swift in Sources */ = {isa = PBXBuildFile; fileRef = 4253AF3B2BBC106D000AF336 /* CourseTableViewCell.swift */; };
		4253AF3E2BBC187D000AF336 /* CoursesViewController.swift in Sources */ = {isa = PBXBuildFile; fileRef = 4253AF3D2BBC187D000AF336 /* CoursesViewController.swift */; };
		425F8E5A2BBAD26800DC8EA0 /* HandbookCollectionViewCell.swift in Sources */ = {isa = PBXBuildFile; fileRef = 425F8E592BBAD26800DC8EA0 /* HandbookCollectionViewCell.swift */; };
		425F8E5C2BBAD8F600DC8EA0 /* Course.swift in Sources */ = {isa = PBXBuildFile; fileRef = 425F8E5B2BBAD8F600DC8EA0 /* Course.swift */; };
		427EF6122BB9632100C3C5BE /* CustomBlurView.swift in Sources */ = {isa = PBXBuildFile; fileRef = 427EF60D2BB9632100C3C5BE /* CustomBlurView.swift */; };
		427EF6132BB9632100C3C5BE /* CustomImageView.swift in Sources */ = {isa = PBXBuildFile; fileRef = 427EF60E2BB9632100C3C5BE /* CustomImageView.swift */; };
		427EF6142BB9632100C3C5BE /* CustomUIView.swift in Sources */ = {isa = PBXBuildFile; fileRef = 427EF60F2BB9632100C3C5BE /* CustomUIView.swift */; };
		427EF6152BB9632100C3C5BE /* Font.swift in Sources */ = {isa = PBXBuildFile; fileRef = 427EF6102BB9632100C3C5BE /* Font.swift */; };
		428022172BBEBA3700F91D7F /* SectionTableViewCell.swift in Sources */ = {isa = PBXBuildFile; fileRef = 428022162BBEBA3700F91D7F /* SectionTableViewCell.swift */; };
		4280A40E2BB6EFA90005A4A1 /* AppDelegate.swift in Sources */ = {isa = PBXBuildFile; fileRef = 4280A40D2BB6EFA90005A4A1 /* AppDelegate.swift */; };
		4280A4102BB6EFA90005A4A1 /* SceneDelegate.swift in Sources */ = {isa = PBXBuildFile; fileRef = 4280A40F2BB6EFA90005A4A1 /* SceneDelegate.swift */; };
		4280A4122BB6EFA90005A4A1 /* FeaturedViewController.swift in Sources */ = {isa = PBXBuildFile; fileRef = 4280A4112BB6EFA90005A4A1 /* FeaturedViewController.swift */; };
		4280A4152BB6EFA90005A4A1 /* Base in Resources */ = {isa = PBXBuildFile; fileRef = 4280A4142BB6EFA90005A4A1 /* Base */; };
		4280A4172BB6EFA90005A4A1 /* Assets.xcassets in Resources */ = {isa = PBXBuildFile; fileRef = 4280A4162BB6EFA90005A4A1 /* Assets.xcassets */; };
		4280A41A2BB6EFA90005A4A1 /* Base in Resources */ = {isa = PBXBuildFile; fileRef = 4280A4192BB6EFA90005A4A1 /* Base */; };
		42AFA7702BBC1986008CC1B3 /* Section.swift in Sources */ = {isa = PBXBuildFile; fileRef = 42AFA76F2BBC1986008CC1B3 /* Section.swift */; };
		42D862AD2BC01B64001DAAEC /* CustomTabBarViewController.swift in Sources */ = {isa = PBXBuildFile; fileRef = 42D862AC2BC01B64001DAAEC /* CustomTabBarViewController.swift */; };
/* End PBXBuildFile section */

/* Begin PBXFileReference section */
		4253AF3B2BBC106D000AF336 /* CourseTableViewCell.swift */ = {isa = PBXFileReference; lastKnownFileType = sourcecode.swift; path = CourseTableViewCell.swift; sourceTree = "<group>"; };
		4253AF3D2BBC187D000AF336 /* CoursesViewController.swift */ = {isa = PBXFileReference; lastKnownFileType = sourcecode.swift; path = CoursesViewController.swift; sourceTree = "<group>"; };
		425F8E592BBAD26800DC8EA0 /* HandbookCollectionViewCell.swift */ = {isa = PBXFileReference; lastKnownFileType = sourcecode.swift; path = HandbookCollectionViewCell.swift; sourceTree = "<group>"; };
		425F8E5B2BBAD8F600DC8EA0 /* Course.swift */ = {isa = PBXFileReference; lastKnownFileType = sourcecode.swift; path = Course.swift; sourceTree = "<group>"; };
		427EF60D2BB9632100C3C5BE /* CustomBlurView.swift */ = {isa = PBXFileReference; fileEncoding = 4; lastKnownFileType = sourcecode.swift; path = CustomBlurView.swift; sourceTree = "<group>"; };
		427EF60E2BB9632100C3C5BE /* CustomImageView.swift */ = {isa = PBXFileReference; fileEncoding = 4; lastKnownFileType = sourcecode.swift; path = CustomImageView.swift; sourceTree = "<group>"; };
		427EF60F2BB9632100C3C5BE /* CustomUIView.swift */ = {isa = PBXFileReference; fileEncoding = 4; lastKnownFileType = sourcecode.swift; path = CustomUIView.swift; sourceTree = "<group>"; };
		427EF6102BB9632100C3C5BE /* Font.swift */ = {isa = PBXFileReference; fileEncoding = 4; lastKnownFileType = sourcecode.swift; path = Font.swift; sourceTree = "<group>"; };
		428022162BBEBA3700F91D7F /* SectionTableViewCell.swift */ = {isa = PBXFileReference; lastKnownFileType = sourcecode.swift; path = SectionTableViewCell.swift; sourceTree = "<group>"; };
		4280A40A2BB6EFA90005A4A1 /* UIKit for iOS.app */ = {isa = PBXFileReference; explicitFileType = wrapper.application; includeInIndex = 0; path = "UIKit for iOS.app"; sourceTree = BUILT_PRODUCTS_DIR; };
		4280A40D2BB6EFA90005A4A1 /* AppDelegate.swift */ = {isa = PBXFileReference; lastKnownFileType = sourcecode.swift; path = AppDelegate.swift; sourceTree = "<group>"; };
		4280A40F2BB6EFA90005A4A1 /* SceneDelegate.swift */ = {isa = PBXFileReference; lastKnownFileType = sourcecode.swift; path = SceneDelegate.swift; sourceTree = "<group>"; };
		4280A4112BB6EFA90005A4A1 /* FeaturedViewController.swift */ = {isa = PBXFileReference; lastKnownFileType = sourcecode.swift; path = FeaturedViewController.swift; sourceTree = "<group>"; };
		4280A4142BB6EFA90005A4A1 /* Base */ = {isa = PBXFileReference; lastKnownFileType = file.storyboard; name = Base; path = Base.lproj/Main.storyboard; sourceTree = "<group>"; };
		4280A4162BB6EFA90005A4A1 /* Assets.xcassets */ = {isa = PBXFileReference; lastKnownFileType = folder.assetcatalog; path = Assets.xcassets; sourceTree = "<group>"; };
		4280A4192BB6EFA90005A4A1 /* Base */ = {isa = PBXFileReference; lastKnownFileType = file.storyboard; name = Base; path = Base.lproj/LaunchScreen.storyboard; sourceTree = "<group>"; };
		4280A41B2BB6EFA90005A4A1 /* Info.plist */ = {isa = PBXFileReference; lastKnownFileType = text.plist.xml; path = Info.plist; sourceTree = "<group>"; };
		42AFA76F2BBC1986008CC1B3 /* Section.swift */ = {isa = PBXFileReference; lastKnownFileType = sourcecode.swift; path = Section.swift; sourceTree = "<group>"; };
		42D862AC2BC01B64001DAAEC /* CustomTabBarViewController.swift */ = {isa = PBXFileReference; lastKnownFileType = sourcecode.swift; path = CustomTabBarViewController.swift; sourceTree = "<group>"; };
/* End PBXFileReference section */

/* Begin PBXFrameworksBuildPhase section */
		4280A4072BB6EFA90005A4A1 /* Frameworks */ = {
			isa = PBXFrameworksBuildPhase;
			buildActionMask = 2147483647;
			files = (
			);
			runOnlyForDeploymentPostprocessing = 0;
		};
/* End PBXFrameworksBuildPhase section */

/* Begin PBXGroup section */
		425F8E5D2BBADB5100DC8EA0 /* View Controllers */ = {
			isa = PBXGroup;
			children = (
				4280A4112BB6EFA90005A4A1 /* FeaturedViewController.swift */,
				4253AF3D2BBC187D000AF336 /* CoursesViewController.swift */,
			);
			path = "View Controllers";
			sourceTree = "<group>";
		};
		425F8E5E2BBADB5D00DC8EA0 /* Cells */ = {
			isa = PBXGroup;
			children = (
				428022162BBEBA3700F91D7F /* SectionTableViewCell.swift */,
				425F8E592BBAD26800DC8EA0 /* HandbookCollectionViewCell.swift */,
				4253AF3B2BBC106D000AF336 /* CourseTableViewCell.swift */,
			);
			path = Cells;
			sourceTree = "<group>";
		};
		425F8E5F2BBADB6300DC8EA0 /* Classes */ = {
			isa = PBXGroup;
			children = (
				42AFA76F2BBC1986008CC1B3 /* Section.swift */,
				425F8E5B2BBAD8F600DC8EA0 /* Course.swift */,
			);
			path = Classes;
			sourceTree = "<group>";
		};
		427EF6112BB9632100C3C5BE /* Helpers */ = {
			isa = PBXGroup;
			children = (
				427EF60D2BB9632100C3C5BE /* CustomBlurView.swift */,
				427EF60E2BB9632100C3C5BE /* CustomImageView.swift */,
				427EF60F2BB9632100C3C5BE /* CustomUIView.swift */,
				427EF6102BB9632100C3C5BE /* Font.swift */,
				42D862AC2BC01B64001DAAEC /* CustomTabBarViewController.swift */,
			);
			path = Helpers;
			sourceTree = "<group>";
		};
		4280A4012BB6EFA90005A4A1 = {
			isa = PBXGroup;
			children = (
				4280A40C2BB6EFA90005A4A1 /* UIKit for iOS */,
				4280A40B2BB6EFA90005A4A1 /* Products */,
			);
			sourceTree = "<group>";
		};
		4280A40B2BB6EFA90005A4A1 /* Products */ = {
			isa = PBXGroup;
			children = (
				4280A40A2BB6EFA90005A4A1 /* UIKit for iOS.app */,
			);
			name = Products;
			sourceTree = "<group>";
		};
		4280A40C2BB6EFA90005A4A1 /* UIKit for iOS */ = {
			isa = PBXGroup;
			children = (
				4280A40D2BB6EFA90005A4A1 /* AppDelegate.swift */,
				4280A40F2BB6EFA90005A4A1 /* SceneDelegate.swift */,
				425F8E5F2BBADB6300DC8EA0 /* Classes */,
				425F8E5E2BBADB5D00DC8EA0 /* Cells */,
				427EF6112BB9632100C3C5BE /* Helpers */,
				425F8E5D2BBADB5100DC8EA0 /* View Controllers */,
				4280A4132BB6EFA90005A4A1 /* Main.storyboard */,
				4280A4162BB6EFA90005A4A1 /* Assets.xcassets */,
				4280A4182BB6EFA90005A4A1 /* LaunchScreen.storyboard */,
				4280A41B2BB6EFA90005A4A1 /* Info.plist */,
			);
			path = "UIKit for iOS";
			sourceTree = "<group>";
		};
/* End PBXGroup section */

/* Begin PBXNativeTarget section */
		4280A4092BB6EFA90005A4A1 /* UIKit for iOS */ = {
			isa = PBXNativeTarget;
			buildConfigurationList = 4280A41E2BB6EFA90005A4A1 /* Build configuration list for PBXNativeTarget "UIKit for iOS" */;
			buildPhases = (
				4280A4062BB6EFA90005A4A1 /* Sources */,
				4280A4072BB6EFA90005A4A1 /* Frameworks */,
				4280A4082BB6EFA90005A4A1 /* Resources */,
			);
			buildRules = (
			);
			dependencies = (
			);
			name = "UIKit for iOS";
			productName = "UIKit for iOS";
			productReference = 4280A40A2BB6EFA90005A4A1 /* UIKit for iOS.app */;
			productType = "com.apple.product-type.application";
		};
/* End PBXNativeTarget section */

/* Begin PBXProject section */
		4280A4022BB6EFA90005A4A1 /* Project object */ = {
			isa = PBXProject;
			attributes = {
				BuildIndependentTargetsInParallel = 1;
				LastSwiftUpdateCheck = 1530;
				LastUpgradeCheck = 1530;
				TargetAttributes = {
					4280A4092BB6EFA90005A4A1 = {
						CreatedOnToolsVersion = 15.3;
					};
				};
			};
			buildConfigurationList = 4280A4052BB6EFA90005A4A1 /* Build configuration list for PBXProject "UIKit for iOS" */;
			compatibilityVersion = "Xcode 14.0";
			developmentRegion = en;
			hasScannedForEncodings = 0;
			knownRegions = (
				en,
				Base,
			);
			mainGroup = 4280A4012BB6EFA90005A4A1;
			productRefGroup = 4280A40B2BB6EFA90005A4A1 /* Products */;
			projectDirPath = "";
			projectRoot = "";
			targets = (
				4280A4092BB6EFA90005A4A1 /* UIKit for iOS */,
			);
		};
/* End PBXProject section */

/* Begin PBXResourcesBuildPhase section */
		4280A4082BB6EFA90005A4A1 /* Resources */ = {
			isa = PBXResourcesBuildPhase;
			buildActionMask = 2147483647;
			files = (
				4280A4172BB6EFA90005A4A1 /* Assets.xcassets in Resources */,
				4280A41A2BB6EFA90005A4A1 /* Base in Resources */,
				4280A4152BB6EFA90005A4A1 /* Base in Resources */,
			);
			runOnlyForDeploymentPostprocessing = 0;
		};
/* End PBXResourcesBuildPhase section */

/* Begin PBXSourcesBuildPhase section */
		4280A4062BB6EFA90005A4A1 /* Sources */ = {
			isa = PBXSourcesBuildPhase;
			buildActionMask = 2147483647;
			files = (
				425F8E5C2BBAD8F600DC8EA0 /* Course.swift in Sources */,
				425F8E5A2BBAD26800DC8EA0 /* HandbookCollectionViewCell.swift in Sources */,
				4253AF3E2BBC187D000AF336 /* CoursesViewController.swift in Sources */,
				428022172BBEBA3700F91D7F /* SectionTableViewCell.swift in Sources */,
				42D862AD2BC01B64001DAAEC /* CustomTabBarViewController.swift in Sources */,
				4280A4122BB6EFA90005A4A1 /* FeaturedViewController.swift in Sources */,
				427EF6142BB9632100C3C5BE /* CustomUIView.swift in Sources */,
				427EF6152BB9632100C3C5BE /* Font.swift in Sources */,
				4280A40E2BB6EFA90005A4A1 /* AppDelegate.swift in Sources */,
				427EF6122BB9632100C3C5BE /* CustomBlurView.swift in Sources */,
				4280A4102BB6EFA90005A4A1 /* SceneDelegate.swift in Sources */,
				42AFA7702BBC1986008CC1B3 /* Section.swift in Sources */,
				4253AF3C2BBC106D000AF336 /* CourseTableViewCell.swift in Sources */,
				427EF6132BB9632100C3C5BE /* CustomImageView.swift in Sources */,
			);
			runOnlyForDeploymentPostprocessing = 0;
		};
/* End PBXSourcesBuildPhase section */

/* Begin PBXVariantGroup section */
		4280A4132BB6EFA90005A4A1 /* Main.storyboard */ = {
			isa = PBXVariantGroup;
			children = (
				4280A4142BB6EFA90005A4A1 /* Base */,
			);
			name = Main.storyboard;
			sourceTree = "<group>";
		};
		4280A4182BB6EFA90005A4A1 /* LaunchScreen.storyboard */ = {
			isa = PBXVariantGroup;
			children = (
				4280A4192BB6EFA90005A4A1 /* Base */,
			);
			name = LaunchScreen.storyboard;
			sourceTree = "<group>";
		};
/* End PBXVariantGroup section */

/* Begin XCBuildConfiguration section */
		4280A41C2BB6EFA90005A4A1 /* Debug */ = {
			isa = XCBuildConfiguration;
			buildSettings = {
				ALWAYS_SEARCH_USER_PATHS = NO;
				ASSETCATALOG_COMPILER_GENERATE_SWIFT_ASSET_SYMBOL_EXTENSIONS = YES;
				CLANG_ANALYZER_NONNULL = YES;
				CLANG_ANALYZER_NUMBER_OBJECT_CONVERSION = YES_AGGRESSIVE;
				CLANG_CXX_LANGUAGE_STANDARD = "gnu++20";
				CLANG_ENABLE_MODULES = YES;
				CLANG_ENABLE_OBJC_ARC = YES;
				CLANG_ENABLE_OBJC_WEAK = YES;
				CLANG_WARN_BLOCK_CAPTURE_AUTORELEASING = YES;
				CLANG_WARN_BOOL_CONVERSION = YES;
				CLANG_WARN_COMMA = YES;
				CLANG_WARN_CONSTANT_CONVERSION = YES;
				CLANG_WARN_DEPRECATED_OBJC_IMPLEMENTATIONS = YES;
				CLANG_WARN_DIRECT_OBJC_ISA_USAGE = YES_ERROR;
				CLANG_WARN_DOCUMENTATION_COMMENTS = YES;
				CLANG_WARN_EMPTY_BODY = YES;
				CLANG_WARN_ENUM_CONVERSION = YES;
				CLANG_WARN_INFINITE_RECURSION = YES;
				CLANG_WARN_INT_CONVERSION = YES;
				CLANG_WARN_NON_LITERAL_NULL_CONVERSION = YES;
				CLANG_WARN_OBJC_IMPLICIT_RETAIN_SELF = YES;
				CLANG_WARN_OBJC_LITERAL_CONVERSION = YES;
				CLANG_WARN_OBJC_ROOT_CLASS = YES_ERROR;
				CLANG_WARN_QUOTED_INCLUDE_IN_FRAMEWORK_HEADER = YES;
				CLANG_WARN_RANGE_LOOP_ANALYSIS = YES;
				CLANG_WARN_STRICT_PROTOTYPES = YES;
				CLANG_WARN_SUSPICIOUS_MOVE = YES;
				CLANG_WARN_UNGUARDED_AVAILABILITY = YES_AGGRESSIVE;
				CLANG_WARN_UNREACHABLE_CODE = YES;
				CLANG_WARN__DUPLICATE_METHOD_MATCH = YES;
				COPY_PHASE_STRIP = NO;
				DEBUG_INFORMATION_FORMAT = dwarf;
				ENABLE_STRICT_OBJC_MSGSEND = YES;
				ENABLE_TESTABILITY = YES;
				ENABLE_USER_SCRIPT_SANDBOXING = YES;
				GCC_C_LANGUAGE_STANDARD = gnu17;
				GCC_DYNAMIC_NO_PIC = NO;
				GCC_NO_COMMON_BLOCKS = YES;
				GCC_OPTIMIZATION_LEVEL = 0;
				GCC_PREPROCESSOR_DEFINITIONS = (
					"DEBUG=1",
					"$(inherited)",
				);
				GCC_WARN_64_TO_32_BIT_CONVERSION = YES;
				GCC_WARN_ABOUT_RETURN_TYPE = YES_ERROR;
				GCC_WARN_UNDECLARED_SELECTOR = YES;
				GCC_WARN_UNINITIALIZED_AUTOS = YES_AGGRESSIVE;
				GCC_WARN_UNUSED_FUNCTION = YES;
				GCC_WARN_UNUSED_VARIABLE = YES;
				IPHONEOS_DEPLOYMENT_TARGET = 17.4;
				LOCALIZATION_PREFERS_STRING_CATALOGS = YES;
				MTL_ENABLE_DEBUG_INFO = INCLUDE_SOURCE;
				MTL_FAST_MATH = YES;
				ONLY_ACTIVE_ARCH = YES;
				SDKROOT = iphoneos;
				SWIFT_ACTIVE_COMPILATION_CONDITIONS = "DEBUG $(inherited)";
				SWIFT_OPTIMIZATION_LEVEL = "-Onone";
			};
			name = Debug;
		};
		4280A41D2BB6EFA90005A4A1 /* Release */ = {
			isa = XCBuildConfiguration;
			buildSettings = {
				ALWAYS_SEARCH_USER_PATHS = NO;
				ASSETCATALOG_COMPILER_GENERATE_SWIFT_ASSET_SYMBOL_EXTENSIONS = YES;
				CLANG_ANALYZER_NONNULL = YES;
				CLANG_ANALYZER_NUMBER_OBJECT_CONVERSION = YES_AGGRESSIVE;
				CLANG_CXX_LANGUAGE_STANDARD = "gnu++20";
				CLANG_ENABLE_MODULES = YES;
				CLANG_ENABLE_OBJC_ARC = YES;
				CLANG_ENABLE_OBJC_WEAK = YES;
				CLANG_WARN_BLOCK_CAPTURE_AUTORELEASING = YES;
				CLANG_WARN_BOOL_CONVERSION = YES;
				CLANG_WARN_COMMA = YES;
				CLANG_WARN_CONSTANT_CONVERSION = YES;
				CLANG_WARN_DEPRECATED_OBJC_IMPLEMENTATIONS = YES;
				CLANG_WARN_DIRECT_OBJC_ISA_USAGE = YES_ERROR;
				CLANG_WARN_DOCUMENTATION_COMMENTS = YES;
				CLANG_WARN_EMPTY_BODY = YES;
				CLANG_WARN_ENUM_CONVERSION = YES;
				CLANG_WARN_INFINITE_RECURSION = YES;
				CLANG_WARN_INT_CONVERSION = YES;
				CLANG_WARN_NON_LITERAL_NULL_CONVERSION = YES;
				CLANG_WARN_OBJC_IMPLICIT_RETAIN_SELF = YES;
				CLANG_WARN_OBJC_LITERAL_CONVERSION = YES;
				CLANG_WARN_OBJC_ROOT_CLASS = YES_ERROR;
				CLANG_WARN_QUOTED_INCLUDE_IN_FRAMEWORK_HEADER = YES;
				CLANG_WARN_RANGE_LOOP_ANALYSIS = YES;
				CLANG_WARN_STRICT_PROTOTYPES = YES;
				CLANG_WARN_SUSPICIOUS_MOVE = YES;
				CLANG_WARN_UNGUARDED_AVAILABILITY = YES_AGGRESSIVE;
				CLANG_WARN_UNREACHABLE_CODE = YES;
				CLANG_WARN__DUPLICATE_METHOD_MATCH = YES;
				COPY_PHASE_STRIP = NO;
				DEBUG_INFORMATION_FORMAT = "dwarf-with-dsym";
				ENABLE_NS_ASSERTIONS = NO;
				ENABLE_STRICT_OBJC_MSGSEND = YES;
				ENABLE_USER_SCRIPT_SANDBOXING = YES;
				GCC_C_LANGUAGE_STANDARD = gnu17;
				GCC_NO_COMMON_BLOCKS = YES;
				GCC_WARN_64_TO_32_BIT_CONVERSION = YES;
				GCC_WARN_ABOUT_RETURN_TYPE = YES_ERROR;
				GCC_WARN_UNDECLARED_SELECTOR = YES;
				GCC_WARN_UNINITIALIZED_AUTOS = YES_AGGRESSIVE;
				GCC_WARN_UNUSED_FUNCTION = YES;
				GCC_WARN_UNUSED_VARIABLE = YES;
				IPHONEOS_DEPLOYMENT_TARGET = 17.4;
				LOCALIZATION_PREFERS_STRING_CATALOGS = YES;
				MTL_ENABLE_DEBUG_INFO = NO;
				MTL_FAST_MATH = YES;
				SDKROOT = iphoneos;
				SWIFT_COMPILATION_MODE = wholemodule;
				VALIDATE_PRODUCT = YES;
			};
			name = Release;
		};
		4280A41F2BB6EFA90005A4A1 /* Debug */ = {
			isa = XCBuildConfiguration;
			buildSettings = {
				ASSETCATALOG_COMPILER_APPICON_NAME = AppIcon;
				ASSETCATALOG_COMPILER_GLOBAL_ACCENT_COLOR_NAME = AccentColor;
				CODE_SIGN_STYLE = Automatic;
				CURRENT_PROJECT_VERSION = 1;
				DEVELOPMENT_TEAM = Y2Y34S7QM3;
				GENERATE_INFOPLIST_FILE = YES;
				INFOPLIST_FILE = "UIKit for iOS/Info.plist";
				INFOPLIST_KEY_UIApplicationSupportsIndirectInputEvents = YES;
				INFOPLIST_KEY_UILaunchStoryboardName = LaunchScreen;
				INFOPLIST_KEY_UIMainStoryboardFile = Main;
				INFOPLIST_KEY_UISupportedInterfaceOrientations_iPad = "UIInterfaceOrientationPortrait UIInterfaceOrientationPortraitUpsideDown UIInterfaceOrientationLandscapeLeft UIInterfaceOrientationLandscapeRight";
				INFOPLIST_KEY_UISupportedInterfaceOrientations_iPhone = "UIInterfaceOrientationPortrait UIInterfaceOrientationLandscapeLeft UIInterfaceOrientationLandscapeRight";
				IPHONEOS_DEPLOYMENT_TARGET = 15.0;
				LD_RUNPATH_SEARCH_PATHS = (
					"$(inherited)",
					"@executable_path/Frameworks",
				);
				MARKETING_VERSION = 1.0;
				PRODUCT_BUNDLE_IDENTIFIER = "com.mrgsdev.UIKit-for-iOS";
				PRODUCT_NAME = "$(TARGET_NAME)";
				SUPPORTED_PLATFORMS = "iphoneos iphonesimulator";
				SUPPORTS_MACCATALYST = NO;
				SUPPORTS_MAC_DESIGNED_FOR_IPHONE_IPAD = NO;
				SUPPORTS_XR_DESIGNED_FOR_IPHONE_IPAD = NO;
				SWIFT_EMIT_LOC_STRINGS = YES;
				SWIFT_VERSION = 5.0;
				TARGETED_DEVICE_FAMILY = "1,2";
			};
			name = Debug;
		};
		4280A4202BB6EFA90005A4A1 /* Release */ = {
			isa = XCBuildConfiguration;
			buildSettings = {
				ASSETCATALOG_COMPILER_APPICON_NAME = AppIcon;
				ASSETCATALOG_COMPILER_GLOBAL_ACCENT_COLOR_NAME = AccentColor;
				CODE_SIGN_STYLE = Automatic;
				CURRENT_PROJECT_VERSION = 1;
				DEVELOPMENT_TEAM = Y2Y34S7QM3;
				GENERATE_INFOPLIST_FILE = YES;
				INFOPLIST_FILE = "UIKit for iOS/Info.plist";
				INFOPLIST_KEY_UIApplicationSupportsIndirectInputEvents = YES;
				INFOPLIST_KEY_UILaunchStoryboardName = LaunchScreen;
				INFOPLIST_KEY_UIMainStoryboardFile = Main;
				INFOPLIST_KEY_UISupportedInterfaceOrientations_iPad = "UIInterfaceOrientationPortrait UIInterfaceOrientationPortraitUpsideDown UIInterfaceOrientationLandscapeLeft UIInterfaceOrientationLandscapeRight";
				INFOPLIST_KEY_UISupportedInterfaceOrientations_iPhone = "UIInterfaceOrientationPortrait UIInterfaceOrientationLandscapeLeft UIInterfaceOrientationLandscapeRight";
				IPHONEOS_DEPLOYMENT_TARGET = 15.0;
				LD_RUNPATH_SEARCH_PATHS = (
					"$(inherited)",
					"@executable_path/Frameworks",
				);
				MARKETING_VERSION = 1.0;
				PRODUCT_BUNDLE_IDENTIFIER = "com.mrgsdev.UIKit-for-iOS";
				PRODUCT_NAME = "$(TARGET_NAME)";
				SUPPORTED_PLATFORMS = "iphoneos iphonesimulator";
				SUPPORTS_MACCATALYST = NO;
				SUPPORTS_MAC_DESIGNED_FOR_IPHONE_IPAD = NO;
				SUPPORTS_XR_DESIGNED_FOR_IPHONE_IPAD = NO;
				SWIFT_EMIT_LOC_STRINGS = YES;
				SWIFT_VERSION = 5.0;
				TARGETED_DEVICE_FAMILY = "1,2";
			};
			name = Release;
		};
/* End XCBuildConfiguration section */

/* Begin XCConfigurationList section */
		4280A4052BB6EFA90005A4A1 /* Build configuration list for PBXProject "UIKit for iOS" */ = {
			isa = XCConfigurationList;
			buildConfigurations = (
				4280A41C2BB6EFA90005A4A1 /* Debug */,
				4280A41D2BB6EFA90005A4A1 /* Release */,
			);
			defaultConfigurationIsVisible = 0;
			defaultConfigurationName = Release;
		};
		4280A41E2BB6EFA90005A4A1 /* Build configuration list for PBXNativeTarget "UIKit for iOS" */ = {
			isa = XCConfigurationList;
			buildConfigurations = (
				4280A41F2BB6EFA90005A4A1 /* Debug */,
				4280A4202BB6EFA90005A4A1 /* Release */,
			);
			defaultConfigurationIsVisible = 0;
			defaultConfigurationName = Release;
		};
/* End XCConfigurationList section */
	};
	rootObject = 4280A4022BB6EFA90005A4A1 /* Project object */;
}
