// !$*UTF8*$!
{
	archiveVersion = 1;
	classes = {
	};
	objectVersion = 56;
	objects = {

/* Begin PBXBuildFile section */
		42F80B542C2880AF009D2015 /* TabBar_to_root_ViewApp.swift in Sources */ = {isa = PBXBuildFile; fileRef = 42F80B532C2880AF009D2015 /* TabBar_to_root_ViewApp.swift */; };
		42F80B562C2880AF009D2015 /* ContentView.swift in Sources */ = {isa = PBXBuildFile; fileRef = 42F80B552C2880AF009D2015 /* ContentView.swift */; };
		42F80B582C2880B0009D2015 /* Assets.xcassets in Resources */ = {isa = PBXBuildFile; fileRef = 42F80B572C2880B0009D2015 /* Assets.xcassets */; };
		42F80B5B2C2880B0009D2015 /* Preview Assets.xcassets in Resources */ = {isa = PBXBuildFile; fileRef = 42F80B5A2C2880B0009D2015 /* Preview Assets.xcassets */; };
		42F80B652C2880CC009D2015 /* HomeView.swift in Sources */ = {isa = PBXBuildFile; fileRef = 42F80B612C2880CC009D2015 /* HomeView.swift */; };
		42F80B662C2880CC009D2015 /* ChildView.swift in Sources */ = {isa = PBXBuildFile; fileRef = 42F80B622C2880CC009D2015 /* ChildView.swift */; };
		42F80B672C2880CC009D2015 /* CoursesView.swift in Sources */ = {isa = PBXBuildFile; fileRef = 42F80B632C2880CC009D2015 /* CoursesView.swift */; };
		42F80B682C2880CC009D2015 /* CourseCard.swift in Sources */ = {isa = PBXBuildFile; fileRef = 42F80B642C2880CC009D2015 /* CourseCard.swift */; };
/* End PBXBuildFile section */

/* Begin PBXFileReference section */
		42F80B502C2880AF009D2015 /* TabBar to root View.app */ = {isa = PBXFileReference; explicitFileType = wrapper.application; includeInIndex = 0; path = "TabBar to root View.app"; sourceTree = BUILT_PRODUCTS_DIR; };
		42F80B532C2880AF009D2015 /* TabBar_to_root_ViewApp.swift */ = {isa = PBXFileReference; lastKnownFileType = sourcecode.swift; path = TabBar_to_root_ViewApp.swift; sourceTree = "<group>"; };
		42F80B552C2880AF009D2015 /* ContentView.swift */ = {isa = PBXFileReference; lastKnownFileType = sourcecode.swift; path = ContentView.swift; sourceTree = "<group>"; };
		42F80B572C2880B0009D2015 /* Assets.xcassets */ = {isa = PBXFileReference; lastKnownFileType = folder.assetcatalog; path = Assets.xcassets; sourceTree = "<group>"; };
		42F80B5A2C2880B0009D2015 /* Preview Assets.xcassets */ = {isa = PBXFileReference; lastKnownFileType = folder.assetcatalog; path = "Preview Assets.xcassets"; sourceTree = "<group>"; };
		42F80B612C2880CC009D2015 /* HomeView.swift */ = {isa = PBXFileReference; fileEncoding = 4; lastKnownFileType = sourcecode.swift; path = HomeView.swift; sourceTree = "<group>"; };
		42F80B622C2880CC009D2015 /* ChildView.swift */ = {isa = PBXFileReference; fileEncoding = 4; lastKnownFileType = sourcecode.swift; path = ChildView.swift; sourceTree = "<group>"; };
		42F80B632C2880CC009D2015 /* CoursesView.swift */ = {isa = PBXFileReference; fileEncoding = 4; lastKnownFileType = sourcecode.swift; path = CoursesView.swift; sourceTree = "<group>"; };
		42F80B642C2880CC009D2015 /* CourseCard.swift */ = {isa = PBXFileReference; fileEncoding = 4; lastKnownFileType = sourcecode.swift; path = CourseCard.swift; sourceTree = "<group>"; };
/* End PBXFileReference section */

/* Begin PBXFrameworksBuildPhase section */
		42F80B4D2C2880AF009D2015 /* Frameworks */ = {
			isa = PBXFrameworksBuildPhase;
			buildActionMask = 2147483647;
			files = (
			);
			runOnlyForDeploymentPostprocessing = 0;
		};
/* End PBXFrameworksBuildPhase section */

/* Begin PBXGroup section */
		42F80B472C2880AE009D2015 = {
			isa = PBXGroup;
			children = (
				42F80B522C2880AF009D2015 /* TabBar to root View */,
				42F80B512C2880AF009D2015 /* Products */,
			);
			sourceTree = "<group>";
		};
		42F80B512C2880AF009D2015 /* Products */ = {
			isa = PBXGroup;
			children = (
				42F80B502C2880AF009D2015 /* TabBar to root View.app */,
			);
			name = Products;
			sourceTree = "<group>";
		};
		42F80B522C2880AF009D2015 /* TabBar to root View */ = {
			isa = PBXGroup;
			children = (
				42F80B532C2880AF009D2015 /* TabBar_to_root_ViewApp.swift */,
				42F80B552C2880AF009D2015 /* ContentView.swift */,
				42F80B622C2880CC009D2015 /* ChildView.swift */,
				42F80B642C2880CC009D2015 /* CourseCard.swift */,
				42F80B632C2880CC009D2015 /* CoursesView.swift */,
				42F80B612C2880CC009D2015 /* HomeView.swift */,
				42F80B572C2880B0009D2015 /* Assets.xcassets */,
				42F80B592C2880B0009D2015 /* Preview Content */,
			);
			path = "TabBar to root View";
			sourceTree = "<group>";
		};
		42F80B592C2880B0009D2015 /* Preview Content */ = {
			isa = PBXGroup;
			children = (
				42F80B5A2C2880B0009D2015 /* Preview Assets.xcassets */,
			);
			path = "Preview Content";
			sourceTree = "<group>";
		};
/* End PBXGroup section */

/* Begin PBXNativeTarget section */
		42F80B4F2C2880AF009D2015 /* TabBar to root View */ = {
			isa = PBXNativeTarget;
			buildConfigurationList = 42F80B5E2C2880B0009D2015 /* Build configuration list for PBXNativeTarget "TabBar to root View" */;
			buildPhases = (
				42F80B4C2C2880AF009D2015 /* Sources */,
				42F80B4D2C2880AF009D2015 /* Frameworks */,
				42F80B4E2C2880AF009D2015 /* Resources */,
			);
			buildRules = (
			);
			dependencies = (
			);
			name = "TabBar to root View";
			productName = "TabBar to root View";
			productReference = 42F80B502C2880AF009D2015 /* TabBar to root View.app */;
			productType = "com.apple.product-type.application";
		};
/* End PBXNativeTarget section */

/* Begin PBXProject section */
		42F80B482C2880AE009D2015 /* Project object */ = {
			isa = PBXProject;
			attributes = {
				BuildIndependentTargetsInParallel = 1;
				LastSwiftUpdateCheck = 1540;
				LastUpgradeCheck = 1540;
				TargetAttributes = {
					42F80B4F2C2880AF009D2015 = {
						CreatedOnToolsVersion = 15.4;
					};
				};
			};
			buildConfigurationList = 42F80B4B2C2880AE009D2015 /* Build configuration list for PBXProject "TabBar to root View" */;
			compatibilityVersion = "Xcode 14.0";
			developmentRegion = en;
			hasScannedForEncodings = 0;
			knownRegions = (
				en,
				Base,
			);
			mainGroup = 42F80B472C2880AE009D2015;
			productRefGroup = 42F80B512C2880AF009D2015 /* Products */;
			projectDirPath = "";
			projectRoot = "";
			targets = (
				42F80B4F2C2880AF009D2015 /* TabBar to root View */,
			);
		};
/* End PBXProject section */

/* Begin PBXResourcesBuildPhase section */
		42F80B4E2C2880AF009D2015 /* Resources */ = {
			isa = PBXResourcesBuildPhase;
			buildActionMask = 2147483647;
			files = (
				42F80B5B2C2880B0009D2015 /* Preview Assets.xcassets in Resources */,
				42F80B582C2880B0009D2015 /* Assets.xcassets in Resources */,
			);
			runOnlyForDeploymentPostprocessing = 0;
		};
/* End PBXResourcesBuildPhase section */

/* Begin PBXSourcesBuildPhase section */
		42F80B4C2C2880AF009D2015 /* Sources */ = {
			isa = PBXSourcesBuildPhase;
			buildActionMask = 2147483647;
			files = (
				42F80B652C2880CC009D2015 /* HomeView.swift in Sources */,
				42F80B672C2880CC009D2015 /* CoursesView.swift in Sources */,
				42F80B662C2880CC009D2015 /* ChildView.swift in Sources */,
				42F80B562C2880AF009D2015 /* ContentView.swift in Sources */,
				42F80B682C2880CC009D2015 /* CourseCard.swift in Sources */,
				42F80B542C2880AF009D2015 /* TabBar_to_root_ViewApp.swift in Sources */,
			);
			runOnlyForDeploymentPostprocessing = 0;
		};
/* End PBXSourcesBuildPhase section */

/* Begin XCBuildConfiguration section */
		42F80B5C2C2880B0009D2015 /* Debug */ = {
			isa = XCBuildConfiguration;
			buildSettings = {
				ALWAYS_SEARCH_USER_PATHS = NO;
				ASSETCATALOG_COMPILER_GENERATE_SWIFT_ASSET_SYMBOL_EXTENSIONS = YES;
				CLANG_ANALYZER_NONNULL = YES;
				CLANG_ANALYZER_NUMBER_OBJECT_CONVERSION = YES_AGGRESSIVE;
				CLANG_CXX_LANGUAGE_STANDARD = "gnu++20";
				CLANG_ENABLE_MODULES = YES;
				CLANG_ENABLE_OBJC_ARC = YES;
				CLANG_ENABLE_OBJC_WEAK = YES;
				CLANG_WARN_BLOCK_CAPTURE_AUTORELEASING = YES;
				CLANG_WARN_BOOL_CONVERSION = YES;
				CLANG_WARN_COMMA = YES;
				CLANG_WARN_CONSTANT_CONVERSION = YES;
				CLANG_WARN_DEPRECATED_OBJC_IMPLEMENTATIONS = YES;
				CLANG_WARN_DIRECT_OBJC_ISA_USAGE = YES_ERROR;
				CLANG_WARN_DOCUMENTATION_COMMENTS = YES;
				CLANG_WARN_EMPTY_BODY = YES;
				CLANG_WARN_ENUM_CONVERSION = YES;
				CLANG_WARN_INFINITE_RECURSION = YES;
				CLANG_WARN_INT_CONVERSION = YES;
				CLANG_WARN_NON_LITERAL_NULL_CONVERSION = YES;
				CLANG_WARN_OBJC_IMPLICIT_RETAIN_SELF = YES;
				CLANG_WARN_OBJC_LITERAL_CONVERSION = YES;
				CLANG_WARN_OBJC_ROOT_CLASS = YES_ERROR;
				CLANG_WARN_QUOTED_INCLUDE_IN_FRAMEWORK_HEADER = YES;
				CLANG_WARN_RANGE_LOOP_ANALYSIS = YES;
				CLANG_WARN_STRICT_PROTOTYPES = YES;
				CLANG_WARN_SUSPICIOUS_MOVE = YES;
				CLANG_WARN_UNGUARDED_AVAILABILITY = YES_AGGRESSIVE;
				CLANG_WARN_UNREACHABLE_CODE = YES;
				CLANG_WARN__DUPLICATE_METHOD_MATCH = YES;
				COPY_PHASE_STRIP = NO;
				DEBUG_INFORMATION_FORMAT = dwarf;
				ENABLE_STRICT_OBJC_MSGSEND = YES;
				ENABLE_TESTABILITY = YES;
				ENABLE_USER_SCRIPT_SANDBOXING = YES;
				GCC_C_LANGUAGE_STANDARD = gnu17;
				GCC_DYNAMIC_NO_PIC = NO;
				GCC_NO_COMMON_BLOCKS = YES;
				GCC_OPTIMIZATION_LEVEL = 0;
				GCC_PREPROCESSOR_DEFINITIONS = (
					"DEBUG=1",
					"$(inherited)",
				);
				GCC_WARN_64_TO_32_BIT_CONVERSION = YES;
				GCC_WARN_ABOUT_RETURN_TYPE = YES_ERROR;
				GCC_WARN_UNDECLARED_SELECTOR = YES;
				GCC_WARN_UNINITIALIZED_AUTOS = YES_AGGRESSIVE;
				GCC_WARN_UNUSED_FUNCTION = YES;
				GCC_WARN_UNUSED_VARIABLE = YES;
				IPHONEOS_DEPLOYMENT_TARGET = 17.5;
				LOCALIZATION_PREFERS_STRING_CATALOGS = YES;
				MTL_ENABLE_DEBUG_INFO = INCLUDE_SOURCE;
				MTL_FAST_MATH = YES;
				ONLY_ACTIVE_ARCH = YES;
				SDKROOT = iphoneos;
				SWIFT_ACTIVE_COMPILATION_CONDITIONS = "DEBUG $(inherited)";
				SWIFT_OPTIMIZATION_LEVEL = "-Onone";
			};
			name = Debug;
		};
		42F80B5D2C2880B0009D2015 /* Release */ = {
			isa = XCBuildConfiguration;
			buildSettings = {
				ALWAYS_SEARCH_USER_PATHS = NO;
				ASSETCATALOG_COMPILER_GENERATE_SWIFT_ASSET_SYMBOL_EXTENSIONS = YES;
				CLANG_ANALYZER_NONNULL = YES;
				CLANG_ANALYZER_NUMBER_OBJECT_CONVERSION = YES_AGGRESSIVE;
				CLANG_CXX_LANGUAGE_STANDARD = "gnu++20";
				CLANG_ENABLE_MODULES = YES;
				CLANG_ENABLE_OBJC_ARC = YES;
				CLANG_ENABLE_OBJC_WEAK = YES;
				CLANG_WARN_BLOCK_CAPTURE_AUTORELEASING = YES;
				CLANG_WARN_BOOL_CONVERSION = YES;
				CLANG_WARN_COMMA = YES;
				CLANG_WARN_CONSTANT_CONVERSION = YES;
				CLANG_WARN_DEPRECATED_OBJC_IMPLEMENTATIONS = YES;
				CLANG_WARN_DIRECT_OBJC_ISA_USAGE = YES_ERROR;
				CLANG_WARN_DOCUMENTATION_COMMENTS = YES;
				CLANG_WARN_EMPTY_BODY = YES;
				CLANG_WARN_ENUM_CONVERSION = YES;
				CLANG_WARN_INFINITE_RECURSION = YES;
				CLANG_WARN_INT_CONVERSION = YES;
				CLANG_WARN_NON_LITERAL_NULL_CONVERSION = YES;
				CLANG_WARN_OBJC_IMPLICIT_RETAIN_SELF = YES;
				CLANG_WARN_OBJC_LITERAL_CONVERSION = YES;
				CLANG_WARN_OBJC_ROOT_CLASS = YES_ERROR;
				CLANG_WARN_QUOTED_INCLUDE_IN_FRAMEWORK_HEADER = YES;
				CLANG_WARN_RANGE_LOOP_ANALYSIS = YES;
				CLANG_WARN_STRICT_PROTOTYPES = YES;
				CLANG_WARN_SUSPICIOUS_MOVE = YES;
				CLANG_WARN_UNGUARDED_AVAILABILITY = YES_AGGRESSIVE;
				CLANG_WARN_UNREACHABLE_CODE = YES;
				CLANG_WARN__DUPLICATE_METHOD_MATCH = YES;
				COPY_PHASE_STRIP = NO;
				DEBUG_INFORMATION_FORMAT = "dwarf-with-dsym";
				ENABLE_NS_ASSERTIONS = NO;
				ENABLE_STRICT_OBJC_MSGSEND = YES;
				ENABLE_USER_SCRIPT_SANDBOXING = YES;
				GCC_C_LANGUAGE_STANDARD = gnu17;
				GCC_NO_COMMON_BLOCKS = YES;
				GCC_WARN_64_TO_32_BIT_CONVERSION = YES;
				GCC_WARN_ABOUT_RETURN_TYPE = YES_ERROR;
				GCC_WARN_UNDECLARED_SELECTOR = YES;
				GCC_WARN_UNINITIALIZED_AUTOS = YES_AGGRESSIVE;
				GCC_WARN_UNUSED_FUNCTION = YES;
				GCC_WARN_UNUSED_VARIABLE = YES;
				IPHONEOS_DEPLOYMENT_TARGET = 17.5;
				LOCALIZATION_PREFERS_STRING_CATALOGS = YES;
				MTL_ENABLE_DEBUG_INFO = NO;
				MTL_FAST_MATH = YES;
				SDKROOT = iphoneos;
				SWIFT_COMPILATION_MODE = wholemodule;
				VALIDATE_PRODUCT = YES;
			};
			name = Release;
		};
		42F80B5F2C2880B0009D2015 /* Debug */ = {
			isa = XCBuildConfiguration;
			buildSettings = {
				ASSETCATALOG_COMPILER_APPICON_NAME = AppIcon;
				ASSETCATALOG_COMPILER_GLOBAL_ACCENT_COLOR_NAME = AccentColor;
				CODE_SIGN_STYLE = Automatic;
				CURRENT_PROJECT_VERSION = 1;
				DEVELOPMENT_ASSET_PATHS = "\"TabBar to root View/Preview Content\"";
				DEVELOPMENT_TEAM = Y2Y34S7QM3;
				ENABLE_PREVIEWS = YES;
				GENERATE_INFOPLIST_FILE = YES;
				INFOPLIST_KEY_UIApplicationSceneManifest_Generation = YES;
				INFOPLIST_KEY_UIApplicationSupportsIndirectInputEvents = YES;
				INFOPLIST_KEY_UILaunchScreen_Generation = YES;
				INFOPLIST_KEY_UISupportedInterfaceOrientations_iPad = "UIInterfaceOrientationPortrait UIInterfaceOrientationPortraitUpsideDown UIInterfaceOrientationLandscapeLeft UIInterfaceOrientationLandscapeRight";
				INFOPLIST_KEY_UISupportedInterfaceOrientations_iPhone = "UIInterfaceOrientationPortrait UIInterfaceOrientationLandscapeLeft UIInterfaceOrientationLandscapeRight";
				LD_RUNPATH_SEARCH_PATHS = (
					"$(inherited)",
					"@executable_path/Frameworks",
				);
				MARKETING_VERSION = 1.0;
				PRODUCT_BUNDLE_IDENTIFIER = "com.mrgsdev.TabBar-to-root-View";
				PRODUCT_NAME = "$(TARGET_NAME)";
				SWIFT_EMIT_LOC_STRINGS = YES;
				SWIFT_VERSION = 5.0;
				TARGETED_DEVICE_FAMILY = "1,2";
			};
			name = Debug;
		};
		42F80B602C2880B0009D2015 /* Release */ = {
			isa = XCBuildConfiguration;
			buildSettings = {
				ASSETCATALOG_COMPILER_APPICON_NAME = AppIcon;
				ASSETCATALOG_COMPILER_GLOBAL_ACCENT_COLOR_NAME = AccentColor;
				CODE_SIGN_STYLE = Automatic;
				CURRENT_PROJECT_VERSION = 1;
				DEVELOPMENT_ASSET_PATHS = "\"TabBar to root View/Preview Content\"";
				DEVELOPMENT_TEAM = Y2Y34S7QM3;
				ENABLE_PREVIEWS = YES;
				GENERATE_INFOPLIST_FILE = YES;
				INFOPLIST_KEY_UIApplicationSceneManifest_Generation = YES;
				INFOPLIST_KEY_UIApplicationSupportsIndirectInputEvents = YES;
				INFOPLIST_KEY_UILaunchScreen_Generation = YES;
				INFOPLIST_KEY_UISupportedInterfaceOrientations_iPad = "UIInterfaceOrientationPortrait UIInterfaceOrientationPortraitUpsideDown UIInterfaceOrientationLandscapeLeft UIInterfaceOrientationLandscapeRight";
				INFOPLIST_KEY_UISupportedInterfaceOrientations_iPhone = "UIInterfaceOrientationPortrait UIInterfaceOrientationLandscapeLeft UIInterfaceOrientationLandscapeRight";
				LD_RUNPATH_SEARCH_PATHS = (
					"$(inherited)",
					"@executable_path/Frameworks",
				);
				MARKETING_VERSION = 1.0;
				PRODUCT_BUNDLE_IDENTIFIER = "com.mrgsdev.TabBar-to-root-View";
				PRODUCT_NAME = "$(TARGET_NAME)";
				SWIFT_EMIT_LOC_STRINGS = YES;
				SWIFT_VERSION = 5.0;
				TARGETED_DEVICE_FAMILY = "1,2";
			};
			name = Release;
		};
/* End XCBuildConfiguration section */

/* Begin XCConfigurationList section */
		42F80B4B2C2880AE009D2015 /* Build configuration list for PBXProject "TabBar to root View" */ = {
			isa = XCConfigurationList;
			buildConfigurations = (
				42F80B5C2C2880B0009D2015 /* Debug */,
				42F80B5D2C2880B0009D2015 /* Release */,
			);
			defaultConfigurationIsVisible = 0;
			defaultConfigurationName = Release;
		};
		42F80B5E2C2880B0009D2015 /* Build configuration list for PBXNativeTarget "TabBar to root View" */ = {
			isa = XCConfigurationList;
			buildConfigurations = (
				42F80B5F2C2880B0009D2015 /* Debug */,
				42F80B602C2880B0009D2015 /* Release */,
			);
			defaultConfigurationIsVisible = 0;
			defaultConfigurationName = Release;
		};
/* End XCConfigurationList section */
	};
	rootObject = 42F80B482C2880AE009D2015 /* Project object */;
}
